{
  "version": 4,
  "terraform_version": "1.13.5",
  "serial": 47,
  "lineage": "c71ff043-ba93-07bc-792b-0febcd77cc34",
  "outputs": {},
  "resources": [
    {
      "mode": "data",
      "type": "archive_file",
      "name": "generic_event_lambda_package",
      "provider": "provider[\"registry.terraform.io/hashicorp/archive\"]",
      "instances": [
        {
          "schema_version": 0,
          "attributes": {
            "exclude_symlink_directories": null,
            "excludes": null,
            "id": "3939b2837cf414fd4a193dee9c41a625a1fc3f89",
            "output_base64sha256": "CREakOaiiv4sJy/oE5UBZIOKD6yfDH3ygIlmJpDvhA8=",
            "output_base64sha512": "N05Kd6Z5L7hkRbfRWzssPUVeqJ8omLZY6KAk8OeSEuTVugSGMstFCZ/BuBRP34Rdc5CQWnVoIxv7EOCvhOXitQ==",
            "output_file_mode": null,
            "output_md5": "54c9452881d820031ed0241ef1510751",
            "output_path": "../lambda/generic_event_lambda_package.zip",
            "output_sha": "3939b2837cf414fd4a193dee9c41a625a1fc3f89",
            "output_sha256": "09111a90e6a28afe2c272fe813950164838a0fac9f0c7df28089662690ef840f",
            "output_sha512": "374e4a77a6792fb86445b7d15b3b2c3d455ea89f2898b658e8a024f0e79212e4d5ba048632cb45099fc1b8144fdf845d7390905a7568231bfb10e0af84e5e2b5",
            "output_size": 222437,
            "source": [],
            "source_content": null,
            "source_content_filename": null,
            "source_dir": "../lambda/dist",
            "source_file": null,
            "type": "zip"
          },
          "sensitive_attributes": [],
          "identity_schema_version": 0
        }
      ]
    },
    {
      "mode": "data",
      "type": "aws_secretsmanager_secret",
      "name": "rds_credentials",
      "provider": "provider[\"registry.terraform.io/hashicorp/aws\"]",
      "instances": [
        {
          "schema_version": 0,
          "attributes": {
            "arn": "arn:aws:secretsmanager:us-east-1:667573506753:secret:waitque-rds-postgres-credentials-wE2E9S",
            "created_date": "2025-11-07T19:40:18Z",
            "description": "Credentials for RDS PostgreSQL",
            "id": "arn:aws:secretsmanager:us-east-1:667573506753:secret:waitque-rds-postgres-credentials-wE2E9S",
            "kms_key_id": "",
            "last_changed_date": "2025-11-07T19:56:41Z",
            "name": "waitque-rds-postgres-credentials",
            "policy": "",
            "tags": {}
          },
          "sensitive_attributes": [],
          "identity_schema_version": 0
        }
      ]
    },
    {
      "mode": "data",
      "type": "aws_subnets",
      "name": "default",
      "provider": "provider[\"registry.terraform.io/hashicorp/aws\"]",
      "instances": [
        {
          "schema_version": 0,
          "attributes": {
            "filter": [
              {
                "name": "vpc-id",
                "values": [
                  "vpc-004fa6b4d5ec3c428"
                ]
              }
            ],
            "id": "us-east-1",
            "ids": [
              "subnet-01cc1dae8ac1185a9",
              "subnet-0a5d90ca689bf05cc",
              "subnet-09866df99758761dd",
              "subnet-09cdc640f54302877",
              "subnet-016c4ec6bc16bb873",
              "subnet-03fd41f39dc842953"
            ],
            "tags": null,
            "timeouts": null
          },
          "sensitive_attributes": [],
          "identity_schema_version": 0
        }
      ]
    },
    {
      "mode": "data",
      "type": "aws_vpc",
      "name": "default",
      "provider": "provider[\"registry.terraform.io/hashicorp/aws\"]",
      "instances": [
        {
          "schema_version": 0,
          "attributes": {
            "arn": "arn:aws:ec2:us-east-1:667573506753:vpc/vpc-004fa6b4d5ec3c428",
            "cidr_block": "172.31.0.0/16",
            "cidr_block_associations": [
              {
                "association_id": "vpc-cidr-assoc-0380eec5407a51529",
                "cidr_block": "172.31.0.0/16",
                "state": "associated"
              }
            ],
            "default": true,
            "dhcp_options_id": "dopt-0a8119ee2b4ba8fbc",
            "enable_dns_hostnames": true,
            "enable_dns_support": true,
            "enable_network_address_usage_metrics": false,
            "filter": null,
            "id": "vpc-004fa6b4d5ec3c428",
            "instance_tenancy": "default",
            "ipv6_association_id": "",
            "ipv6_cidr_block": "",
            "main_route_table_id": "rtb-04654edb43e2f99f2",
            "owner_id": "667573506753",
            "state": null,
            "tags": {},
            "timeouts": null
          },
          "sensitive_attributes": [],
          "identity_schema_version": 0
        }
      ]
    },
    {
      "mode": "managed",
      "type": "aws_iam_policy",
      "name": "generic_event_lambda_policy",
      "provider": "provider[\"registry.terraform.io/hashicorp/aws\"]",
      "instances": [
        {
          "schema_version": 0,
          "attributes": {
            "arn": "arn:aws:iam::667573506753:policy/waitque-generic-event-lambda-policy",
            "attachment_count": 1,
            "description": "",
            "id": "arn:aws:iam::667573506753:policy/waitque-generic-event-lambda-policy",
            "name": "waitque-generic-event-lambda-policy",
            "name_prefix": "",
            "path": "/",
            "policy": "{\"Statement\":[{\"Action\":[\"logs:CreateLogGroup\",\"logs:CreateLogStream\",\"logs:PutLogEvents\"],\"Effect\":\"Allow\",\"Resource\":\"arn:aws:logs:*:*:*\"},{\"Action\":[\"sqs:ReceiveMessage\",\"sqs:DeleteMessage\",\"sqs:GetQueueAttributes\"],\"Effect\":\"Allow\",\"Resource\":\"arn:aws:sqs:us-east-1:667573506753:questionnaire-response-viewed-queue\"},{\"Action\":[\"secretsmanager:GetSecretValue\"],\"Effect\":\"Allow\",\"Resource\":\"arn:aws:secretsmanager:us-east-1:667573506753:secret:waitque-rds-postgres-credentials-wE2E9S\"}],\"Version\":\"2012-10-17\"}",
            "policy_id": "ANPAZW3T3KLAXLIDA5TY3",
            "tags": {},
            "tags_all": {}
          },
          "sensitive_attributes": [],
          "identity_schema_version": 0,
          "private": "bnVsbA==",
          "dependencies": [
            "data.aws_secretsmanager_secret.rds_credentials"
          ]
        }
      ]
    },
    {
      "mode": "managed",
      "type": "aws_iam_role",
      "name": "generic_event_lambda_role",
      "provider": "provider[\"registry.terraform.io/hashicorp/aws\"]",
      "instances": [
        {
          "schema_version": 0,
          "attributes": {
            "arn": "arn:aws:iam::667573506753:role/waitque-generic-event-lambda-role",
            "assume_role_policy": "{\"Statement\":[{\"Action\":\"sts:AssumeRole\",\"Effect\":\"Allow\",\"Principal\":{\"Service\":\"lambda.amazonaws.com\"}}],\"Version\":\"2012-10-17\"}",
            "create_date": "2026-02-13T14:54:55Z",
            "description": "",
            "force_detach_policies": false,
            "id": "waitque-generic-event-lambda-role",
            "inline_policy": [
              {
                "name": "ecs-secrets-policy",
                "policy": "{\"Version\":\"2012-10-17\",\"Statement\":[{\"Action\":[\"secretsmanager:GetSecretValue\"],\"Effect\":\"Allow\",\"Resource\":[\"arn:aws:secretsmanager:us-east-1:667573506753:secret:waitque-api-db-credentials-staging-9Gab3S\"]}]}"
              }
            ],
            "managed_policy_arns": [
              "arn:aws:iam::667573506753:policy/waitque-generic-event-lambda-policy",
              "arn:aws:iam::aws:policy/service-role/AWSLambdaVPCAccessExecutionRole"
            ],
            "max_session_duration": 3600,
            "name": "waitque-generic-event-lambda-role",
            "name_prefix": "",
            "path": "/",
            "permissions_boundary": "",
            "tags": {},
            "tags_all": {},
            "unique_id": "AROAZW3T3KLA7CSH6GABF"
          },
          "sensitive_attributes": [],
          "identity_schema_version": 0,
          "private": "bnVsbA=="
        }
      ]
    },
    {
      "mode": "managed",
      "type": "aws_iam_role_policy",
      "name": "ecs_secrets_policy",
      "provider": "provider[\"registry.terraform.io/hashicorp/aws\"]",
      "instances": [
        {
          "schema_version": 0,
          "attributes": {
            "id": "waitque-generic-event-lambda-role:ecs-secrets-policy",
            "name": "ecs-secrets-policy",
            "name_prefix": "",
            "policy": "{\"Version\":\"2012-10-17\",\"Statement\":[{\"Action\":[\"secretsmanager:GetSecretValue\"],\"Effect\":\"Allow\",\"Resource\":[\"arn:aws:secretsmanager:us-east-1:667573506753:secret:waitque-api-db-credentials-staging-9Gab3S\"]}]}",
            "role": "waitque-generic-event-lambda-role"
          },
          "sensitive_attributes": [],
          "identity_schema_version": 0,
          "private": "bnVsbA==",
          "dependencies": [
            "aws_iam_role.generic_event_lambda_role"
          ]
        }
      ]
    },
    {
      "mode": "managed",
      "type": "aws_iam_role_policy_attachment",
      "name": "attach_generic_event_policy",
      "provider": "provider[\"registry.terraform.io/hashicorp/aws\"]",
      "instances": [
        {
          "schema_version": 0,
          "attributes": {
            "id": "waitque-generic-event-lambda-role-20260213145455882000000001",
            "policy_arn": "arn:aws:iam::667573506753:policy/waitque-generic-event-lambda-policy",
            "role": "waitque-generic-event-lambda-role"
          },
          "sensitive_attributes": [],
          "identity_schema_version": 0,
          "private": "bnVsbA==",
          "dependencies": [
            "aws_iam_policy.generic_event_lambda_policy",
            "aws_iam_role.generic_event_lambda_role",
            "data.aws_secretsmanager_secret.rds_credentials"
          ]
        }
      ]
    },
    {
      "mode": "managed",
      "type": "aws_iam_role_policy_attachment",
      "name": "lambda_vpc_access",
      "provider": "provider[\"registry.terraform.io/hashicorp/aws\"]",
      "instances": [
        {
          "schema_version": 0,
          "attributes": {
            "id": "waitque-generic-event-lambda-role-20260213151828741300000001",
            "policy_arn": "arn:aws:iam::aws:policy/service-role/AWSLambdaVPCAccessExecutionRole",
            "role": "waitque-generic-event-lambda-role"
          },
          "sensitive_attributes": [],
          "identity_schema_version": 0,
          "private": "bnVsbA==",
          "dependencies": [
            "aws_iam_role.generic_event_lambda_role"
          ]
        }
      ]
    },
    {
      "mode": "managed",
      "type": "aws_lambda_event_source_mapping",
      "name": "sqs_trigger",
      "provider": "provider[\"registry.terraform.io/hashicorp/aws\"]",
      "instances": [
        {
          "schema_version": 0,
          "attributes": {
            "amazon_managed_kafka_event_source_config": [],
            "arn": "arn:aws:lambda:us-east-1:667573506753:event-source-mapping:430b06a7-647e-4beb-8a9c-14e353c885df",
            "batch_size": 10,
            "bisect_batch_on_function_error": false,
            "destination_config": [],
            "document_db_event_source_config": [],
            "enabled": true,
            "event_source_arn": "arn:aws:sqs:us-east-1:667573506753:questionnaire-response-viewed-queue",
            "filter_criteria": [],
            "function_arn": "arn:aws:lambda:us-east-1:667573506753:function:waitque-generic-event-consumer",
            "function_name": "arn:aws:lambda:us-east-1:667573506753:function:waitque-generic-event-consumer",
            "function_response_types": [
              "ReportBatchItemFailures"
            ],
            "id": "430b06a7-647e-4beb-8a9c-14e353c885df",
            "kms_key_arn": "",
            "last_modified": "2026-02-13T19:13:45Z",
            "last_processing_result": "",
            "maximum_batching_window_in_seconds": 5,
            "maximum_record_age_in_seconds": 0,
            "maximum_retry_attempts": 0,
            "metrics_config": [],
            "parallelization_factor": 0,
            "provisioned_poller_config": [],
            "queues": [],
            "scaling_config": [],
            "self_managed_event_source": [],
            "self_managed_kafka_event_source_config": [],
            "source_access_configuration": [],
            "starting_position": "",
            "starting_position_timestamp": "",
            "state": "Enabled",
            "state_transition_reason": "USER_INITIATED",
            "tags": {},
            "tags_all": {},
            "topics": [],
            "tumbling_window_in_seconds": 0,
            "uuid": "430b06a7-647e-4beb-8a9c-14e353c885df"
          },
          "sensitive_attributes": [],
          "identity_schema_version": 0,
          "private": "bnVsbA==",
          "dependencies": [
            "aws_iam_role.generic_event_lambda_role",
            "aws_lambda_function.generic_event_consumer",
            "aws_security_group.lambda_sg",
            "data.archive_file.generic_event_lambda_package",
            "data.aws_subnets.default",
            "data.aws_vpc.default"
          ]
        }
      ]
    },
    {
      "mode": "managed",
      "type": "aws_lambda_function",
      "name": "generic_event_consumer",
      "provider": "provider[\"registry.terraform.io/hashicorp/aws\"]",
      "instances": [
        {
          "schema_version": 0,
          "attributes": {
            "architectures": [
              "arm64"
            ],
            "arn": "arn:aws:lambda:us-east-1:667573506753:function:waitque-generic-event-consumer",
            "code_sha256": "CREakOaiiv4sJy/oE5UBZIOKD6yfDH3ygIlmJpDvhA8=",
            "code_signing_config_arn": "",
            "dead_letter_config": [],
            "description": "",
            "environment": [
              {
                "variables": {
                  "DB_HOST": "waitque-postgres-db.c6xsmmeuyp5z.us-east-1.rds.amazonaws.com",
                  "DB_NAME": "waitque",
                  "DB_PORT": "5432"
                }
              }
            ],
            "ephemeral_storage": [
              {
                "size": 512
              }
            ],
            "file_system_config": [],
            "filename": "../lambda/generic_event_lambda_package.zip",
            "function_name": "waitque-generic-event-consumer",
            "handler": "index.handler",
            "id": "waitque-generic-event-consumer",
            "image_config": [],
            "image_uri": "",
            "invoke_arn": "arn:aws:apigateway:us-east-1:lambda:path/2015-03-31/functions/arn:aws:lambda:us-east-1:667573506753:function:waitque-generic-event-consumer/invocations",
            "kms_key_arn": "",
            "last_modified": "2026-02-16T22:22:15.000+0000",
            "layers": [],
            "logging_config": [
              {
                "application_log_level": "",
                "log_format": "Text",
                "log_group": "/aws/lambda/waitque-generic-event-consumer",
                "system_log_level": ""
              }
            ],
            "memory_size": 512,
            "package_type": "Zip",
            "publish": false,
            "qualified_arn": "arn:aws:lambda:us-east-1:667573506753:function:waitque-generic-event-consumer:$LATEST",
            "qualified_invoke_arn": "arn:aws:apigateway:us-east-1:lambda:path/2015-03-31/functions/arn:aws:lambda:us-east-1:667573506753:function:waitque-generic-event-consumer:$LATEST/invocations",
            "replace_security_groups_on_destroy": null,
            "replacement_security_group_ids": null,
            "reserved_concurrent_executions": -1,
            "role": "arn:aws:iam::667573506753:role/waitque-generic-event-lambda-role",
            "runtime": "nodejs20.x",
            "s3_bucket": null,
            "s3_key": null,
            "s3_object_version": null,
            "signing_job_arn": "",
            "signing_profile_version_arn": "",
            "skip_destroy": false,
            "snap_start": [],
            "source_code_hash": "CREakOaiiv4sJy/oE5UBZIOKD6yfDH3ygIlmJpDvhA8=",
            "source_code_size": 222437,
            "tags": {},
            "tags_all": {},
            "timeout": 30,
            "timeouts": null,
            "tracing_config": [
              {
                "mode": "PassThrough"
              }
            ],
            "version": "$LATEST",
            "vpc_config": [
              {
                "ipv6_allowed_for_dual_stack": false,
                "security_group_ids": [
                  "sg-02b4909df3ce708e4"
                ],
                "subnet_ids": [
                  "subnet-016c4ec6bc16bb873",
                  "subnet-01cc1dae8ac1185a9",
                  "subnet-03fd41f39dc842953",
                  "subnet-09866df99758761dd",
                  "subnet-09cdc640f54302877",
                  "subnet-0a5d90ca689bf05cc"
                ],
                "vpc_id": "vpc-004fa6b4d5ec3c428"
              }
            ]
          },
          "sensitive_attributes": [],
          "identity_schema_version": 0,
          "private": "eyJlMmJmYjczMC1lY2FhLTExZTYtOGY4OC0zNDM2M2JjN2M0YzAiOnsiY3JlYXRlIjo2MDAwMDAwMDAwMDAsImRlbGV0ZSI6NjAwMDAwMDAwMDAwLCJ1cGRhdGUiOjYwMDAwMDAwMDAwMH19",
          "dependencies": [
            "aws_iam_role.generic_event_lambda_role",
            "aws_security_group.lambda_sg",
            "data.archive_file.generic_event_lambda_package",
            "data.aws_subnets.default",
            "data.aws_vpc.default"
          ]
        }
      ]
    },
    {
      "mode": "managed",
      "type": "aws_security_group",
      "name": "lambda_sg",
      "provider": "provider[\"registry.terraform.io/hashicorp/aws\"]",
      "instances": [
        {
          "schema_version": 1,
          "attributes": {
            "arn": "arn:aws:ec2:us-east-1:667573506753:security-group/sg-02b4909df3ce708e4",
            "description": "Security group for Lambda to talk to ECS services",
            "egress": [
              {
                "cidr_blocks": [
                  "0.0.0.0/0"
                ],
                "description": "",
                "from_port": 0,
                "ipv6_cidr_blocks": [],
                "prefix_list_ids": [],
                "protocol": "-1",
                "security_groups": [],
                "self": false,
                "to_port": 0
              }
            ],
            "id": "sg-02b4909df3ce708e4",
            "ingress": [],
            "name": "generic-event-lambda-sg",
            "name_prefix": "",
            "owner_id": "667573506753",
            "revoke_rules_on_delete": false,
            "tags": {},
            "tags_all": {},
            "timeouts": null,
            "vpc_id": "vpc-004fa6b4d5ec3c428"
          },
          "sensitive_attributes": [],
          "identity_schema_version": 0,
          "private": "eyJlMmJmYjczMC1lY2FhLTExZTYtOGY4OC0zNDM2M2JjN2M0YzAiOnsiY3JlYXRlIjo2MDAwMDAwMDAwMDAsImRlbGV0ZSI6OTAwMDAwMDAwMDAwfSwic2NoZW1hX3ZlcnNpb24iOiIxIn0=",
          "dependencies": [
            "data.aws_vpc.default"
          ]
        }
      ]
    },
    {
      "mode": "managed",
      "type": "aws_security_group_rule",
      "name": "lambda_from_ecs",
      "provider": "provider[\"registry.terraform.io/hashicorp/aws\"]",
      "instances": [
        {
          "schema_version": 2,
          "attributes": {
            "cidr_blocks": null,
            "description": "PostgreSQL from ECS",
            "from_port": 5432,
            "id": "sgrule-553453808",
            "ipv6_cidr_blocks": null,
            "prefix_list_ids": null,
            "protocol": "tcp",
            "security_group_id": "sg-0e6d1c8fdb1ed24bf",
            "security_group_rule_id": "sgr-0129b3f53ed3969a4",
            "self": false,
            "source_security_group_id": "sg-02b4909df3ce708e4",
            "timeouts": null,
            "to_port": 5432,
            "type": "ingress"
          },
          "sensitive_attributes": [],
          "identity_schema_version": 0,
          "private": "eyJlMmJmYjczMC1lY2FhLTExZTYtOGY4OC0zNDM2M2JjN2M0YzAiOnsiY3JlYXRlIjozMDAwMDAwMDAwMDB9LCJzY2hlbWFfdmVyc2lvbiI6IjIifQ==",
          "dependencies": [
            "aws_security_group.lambda_sg",
            "data.aws_vpc.default"
          ]
        }
      ]
    },
    {
      "mode": "managed",
      "type": "aws_vpc_endpoint",
      "name": "secretsmanager",
      "provider": "provider[\"registry.terraform.io/hashicorp/aws\"]",
      "instances": [
        {
          "schema_version": 0,
          "attributes": {
            "arn": "arn:aws:ec2:us-east-1:667573506753:vpc-endpoint/vpce-06b75d070e2fbe613",
            "auto_accept": null,
            "cidr_blocks": [],
            "dns_entry": [
              {
                "dns_name": "vpce-06b75d070e2fbe613-tw6adss6.secretsmanager.us-east-1.vpce.amazonaws.com",
                "hosted_zone_id": "Z7HUB22UULQXV"
              },
              {
                "dns_name": "vpce-06b75d070e2fbe613-tw6adss6-us-east-1b.secretsmanager.us-east-1.vpce.amazonaws.com",
                "hosted_zone_id": "Z7HUB22UULQXV"
              },
              {
                "dns_name": "vpce-06b75d070e2fbe613-tw6adss6-us-east-1a.secretsmanager.us-east-1.vpce.amazonaws.com",
                "hosted_zone_id": "Z7HUB22UULQXV"
              },
              {
                "dns_name": "vpce-06b75d070e2fbe613-tw6adss6-us-east-1e.secretsmanager.us-east-1.vpce.amazonaws.com",
                "hosted_zone_id": "Z7HUB22UULQXV"
              },
              {
                "dns_name": "vpce-06b75d070e2fbe613-tw6adss6-us-east-1c.secretsmanager.us-east-1.vpce.amazonaws.com",
                "hosted_zone_id": "Z7HUB22UULQXV"
              },
              {
                "dns_name": "vpce-06b75d070e2fbe613-tw6adss6-us-east-1f.secretsmanager.us-east-1.vpce.amazonaws.com",
                "hosted_zone_id": "Z7HUB22UULQXV"
              },
              {
                "dns_name": "vpce-06b75d070e2fbe613-tw6adss6-us-east-1d.secretsmanager.us-east-1.vpce.amazonaws.com",
                "hosted_zone_id": "Z7HUB22UULQXV"
              },
              {
                "dns_name": "secretsmanager.us-east-1.amazonaws.com",
                "hosted_zone_id": "Z08469672YKFPW9JYTQCM"
              }
            ],
            "dns_options": [
              {
                "dns_record_ip_type": "ipv4",
                "private_dns_only_for_inbound_resolver_endpoint": false
              }
            ],
            "id": "vpce-06b75d070e2fbe613",
            "ip_address_type": "ipv4",
            "network_interface_ids": [
              "eni-05092981582dd7ada",
              "eni-0525c24b1bf28e32f",
              "eni-0bd93006d0b6259e3",
              "eni-0c2bddeb079f84cf2",
              "eni-0e35ffbc99ec3da39",
              "eni-0e5e1aa589c2f7847"
            ],
            "owner_id": "667573506753",
            "policy": "{\"Statement\":[{\"Action\":\"*\",\"Effect\":\"Allow\",\"Principal\":\"*\",\"Resource\":\"*\"}]}",
            "prefix_list_id": null,
            "private_dns_enabled": true,
            "requester_managed": false,
            "resource_configuration_arn": "",
            "route_table_ids": [],
            "security_group_ids": [
              "sg-02b4909df3ce708e4"
            ],
            "service_name": "com.amazonaws.us-east-1.secretsmanager",
            "service_network_arn": "",
            "service_region": "us-east-1",
            "state": "available",
            "subnet_configuration": [
              {
                "ipv4": "172.31.25.197",
                "ipv6": "",
                "subnet_id": "subnet-09cdc640f54302877"
              },
              {
                "ipv4": "172.31.39.134",
                "ipv6": "",
                "subnet_id": "subnet-03fd41f39dc842953"
              },
              {
                "ipv4": "172.31.4.134",
                "ipv6": "",
                "subnet_id": "subnet-016c4ec6bc16bb873"
              },
              {
                "ipv4": "172.31.48.196",
                "ipv6": "",
                "subnet_id": "subnet-09866df99758761dd"
              },
              {
                "ipv4": "172.31.77.75",
                "ipv6": "",
                "subnet_id": "subnet-01cc1dae8ac1185a9"
              },
              {
                "ipv4": "172.31.95.232",
                "ipv6": "",
                "subnet_id": "subnet-0a5d90ca689bf05cc"
              }
            ],
            "subnet_ids": [
              "subnet-016c4ec6bc16bb873",
              "subnet-01cc1dae8ac1185a9",
              "subnet-03fd41f39dc842953",
              "subnet-09866df99758761dd",
              "subnet-09cdc640f54302877",
              "subnet-0a5d90ca689bf05cc"
            ],
            "tags": null,
            "tags_all": {},
            "timeouts": null,
            "vpc_endpoint_type": "Interface",
            "vpc_id": "vpc-004fa6b4d5ec3c428"
          },
          "sensitive_attributes": [],
          "identity_schema_version": 0,
          "private": "eyJlMmJmYjczMC1lY2FhLTExZTYtOGY4OC0zNDM2M2JjN2M0YzAiOnsiY3JlYXRlIjo2MDAwMDAwMDAwMDAsImRlbGV0ZSI6NjAwMDAwMDAwMDAwLCJ1cGRhdGUiOjYwMDAwMDAwMDAwMH19",
          "dependencies": [
            "aws_security_group.lambda_sg",
            "data.aws_subnets.default",
            "data.aws_vpc.default"
          ]
        }
      ]
    }
  ],
  "check_results": null
}
