{
  "version": 4,
  "terraform_version": "1.13.5",
  "serial": 52,
  "lineage": "c71ff043-ba93-07bc-792b-0febcd77cc34",
  "outputs": {},
  "resources": [
    {
      "mode": "data",
      "type": "archive_file",
      "name": "generic_event_lambda_package",
      "provider": "provider[\"registry.terraform.io/hashicorp/archive\"]",
      "instances": [
        {
          "schema_version": 0,
          "attributes": {
            "exclude_symlink_directories": null,
            "excludes": null,
            "id": "d099569d8159c0cfadf2bc078b1e1fdb7032f4f8",
            "output_base64sha256": "G1zxPdb3BXAEjd1gxT5IhSUPl9o4dbA99YqlT8/4m90=",
            "output_base64sha512": "jvPPMQFj89RfAlSOLzhl2gt0Ozi258rt8VejqV8BNmdvIczFdLxiA0balxQSaYQKrfVu3Ow9+qsqWUqfWgRz5g==",
            "output_file_mode": null,
            "output_md5": "7b9dd7800517ea0227394da8102c86bf",
            "output_path": "../lambda/generic_event_lambda_package.zip",
            "output_sha": "d099569d8159c0cfadf2bc078b1e1fdb7032f4f8",
            "output_sha256": "1b5cf13dd6f70570048ddd60c53e4885250f97da3875b03df58aa54fcff89bdd",
            "output_sha512": "8ef3cf310163f3d45f02548e2f3865da0b743b38b6e7caedf157a3a95f0136676f21ccc574bc620346da97141269840aadf56edcec3dfaab2a594a9f5a0473e6",
            "output_size": 575,
            "source": [],
            "source_content": null,
            "source_content_filename": null,
            "source_dir": "../lambda/dist",
            "source_file": null,
            "type": "zip"
          },
          "sensitive_attributes": [],
          "identity_schema_version": 0
        }
      ]
    },
    {
      "mode": "data",
      "type": "aws_secretsmanager_secret",
      "name": "rds_credentials",
      "provider": "provider[\"registry.terraform.io/hashicorp/aws\"]",
      "instances": [
        {
          "schema_version": 0,
          "attributes": {
            "arn": "arn:aws:secretsmanager:us-east-1:667573506753:secret:waitque-rds-postgres-credentials-wE2E9S",
            "created_date": "2025-11-07T19:40:18Z",
            "description": "Credentials for RDS PostgreSQL",
            "id": "arn:aws:secretsmanager:us-east-1:667573506753:secret:waitque-rds-postgres-credentials-wE2E9S",
            "kms_key_id": "",
            "last_changed_date": "2025-11-07T19:56:41Z",
            "name": "waitque-rds-postgres-credentials",
            "policy": "",
            "tags": {}
          },
          "sensitive_attributes": [],
          "identity_schema_version": 0
        }
      ]
    },
    {
      "mode": "data",
      "type": "aws_subnets",
      "name": "default",
      "provider": "provider[\"registry.terraform.io/hashicorp/aws\"]",
      "instances": [
        {
          "schema_version": 0,
          "attributes": {
            "filter": [
              {
                "name": "vpc-id",
                "values": [
                  "vpc-004fa6b4d5ec3c428"
                ]
              }
            ],
            "id": "us-east-1",
            "ids": [
              "subnet-01cc1dae8ac1185a9",
              "subnet-0a5d90ca689bf05cc",
              "subnet-09866df99758761dd",
              "subnet-09cdc640f54302877",
              "subnet-016c4ec6bc16bb873",
              "subnet-03fd41f39dc842953"
            ],
            "tags": null,
            "timeouts": null
          },
          "sensitive_attributes": [],
          "identity_schema_version": 0
        }
      ]
    },
    {
      "mode": "data",
      "type": "aws_vpc",
      "name": "default",
      "provider": "provider[\"registry.terraform.io/hashicorp/aws\"]",
      "instances": [
        {
          "schema_version": 0,
          "attributes": {
            "arn": "arn:aws:ec2:us-east-1:667573506753:vpc/vpc-004fa6b4d5ec3c428",
            "cidr_block": "172.31.0.0/16",
            "cidr_block_associations": [
              {
                "association_id": "vpc-cidr-assoc-0380eec5407a51529",
                "cidr_block": "172.31.0.0/16",
                "state": "associated"
              }
            ],
            "default": true,
            "dhcp_options_id": "dopt-0a8119ee2b4ba8fbc",
            "enable_dns_hostnames": true,
            "enable_dns_support": true,
            "enable_network_address_usage_metrics": false,
            "filter": null,
            "id": "vpc-004fa6b4d5ec3c428",
            "instance_tenancy": "default",
            "ipv6_association_id": "",
            "ipv6_cidr_block": "",
            "main_route_table_id": "rtb-04654edb43e2f99f2",
            "owner_id": "667573506753",
            "state": null,
            "tags": {},
            "timeouts": null
          },
          "sensitive_attributes": [],
          "identity_schema_version": 0
        }
      ]
    },
    {
      "mode": "managed",
      "type": "aws_iam_policy",
      "name": "generic_event_lambda_policy",
      "provider": "provider[\"registry.terraform.io/hashicorp/aws\"]",
      "instances": [
        {
          "schema_version": 0,
          "attributes": {
            "arn": "arn:aws:iam::667573506753:policy/waitque-generic-event-lambda-policy",
            "attachment_count": 1,
            "description": "",
            "id": "arn:aws:iam::667573506753:policy/waitque-generic-event-lambda-policy",
            "name": "waitque-generic-event-lambda-policy",
            "name_prefix": "",
            "path": "/",
            "policy": "{\"Statement\":[{\"Action\":[\"logs:CreateLogGroup\",\"logs:CreateLogStream\",\"logs:PutLogEvents\"],\"Effect\":\"Allow\",\"Resource\":\"arn:aws:logs:*:*:*\"},{\"Action\":[\"sqs:ReceiveMessage\",\"sqs:DeleteMessage\",\"sqs:GetQueueAttributes\"],\"Effect\":\"Allow\",\"Resource\":\"arn:aws:sqs:us-east-1:667573506753:questionnaire-response-viewed-queue\"},{\"Action\":[\"secretsmanager:GetSecretValue\"],\"Effect\":\"Allow\",\"Resource\":\"arn:aws:secretsmanager:us-east-1:667573506753:secret:waitque-rds-postgres-credentials-wE2E9S\"}],\"Version\":\"2012-10-17\"}",
            "policy_id": "ANPAZW3T3KLAXLIDA5TY3",
            "tags": {},
            "tags_all": {}
          },
          "sensitive_attributes": [],
          "identity_schema_version": 0,
          "private": "bnVsbA==",
          "dependencies": [
            "data.aws_secretsmanager_secret.rds_credentials"
          ]
        }
      ]
    },
    {
      "mode": "managed",
      "type": "aws_iam_role",
      "name": "generic_event_lambda_role",
      "provider": "provider[\"registry.terraform.io/hashicorp/aws\"]",
      "instances": [
        {
          "schema_version": 0,
          "attributes": {
            "arn": "arn:aws:iam::667573506753:role/waitque-generic-event-lambda-role",
            "assume_role_policy": "{\"Statement\":[{\"Action\":\"sts:AssumeRole\",\"Effect\":\"Allow\",\"Principal\":{\"Service\":\"lambda.amazonaws.com\"}}],\"Version\":\"2012-10-17\"}",
            "create_date": "2026-02-13T14:54:55Z",
            "description": "",
            "force_detach_policies": false,
            "id": "waitque-generic-event-lambda-role",
            "inline_policy": [
              {
                "name": "ecs-secrets-policy",
                "policy": "{\"Version\":\"2012-10-17\",\"Statement\":[{\"Action\":[\"secretsmanager:GetSecretValue\"],\"Effect\":\"Allow\",\"Resource\":[\"arn:aws:secretsmanager:us-east-1:667573506753:secret:waitque-api-db-credentials-staging-9Gab3S\"]}]}"
              }
            ],
            "managed_policy_arns": [
              "arn:aws:iam::667573506753:policy/waitque-generic-event-lambda-policy",
              "arn:aws:iam::aws:policy/service-role/AWSLambdaVPCAccessExecutionRole"
            ],
            "max_session_duration": 3600,
            "name": "waitque-generic-event-lambda-role",
            "name_prefix": "",
            "path": "/",
            "permissions_boundary": "",
            "tags": {},
            "tags_all": {},
            "unique_id": "AROAZW3T3KLA7CSH6GABF"
          },
          "sensitive_attributes": [],
          "identity_schema_version": 0,
          "private": "bnVsbA=="
        }
      ]
    },
    {
      "mode": "managed",
      "type": "aws_iam_role_policy_attachment",
      "name": "attach_generic_event_policy",
      "provider": "provider[\"registry.terraform.io/hashicorp/aws\"]",
      "instances": [
        {
          "schema_version": 0,
          "attributes": {
            "id": "waitque-generic-event-lambda-role-20260213145455882000000001",
            "policy_arn": "arn:aws:iam::667573506753:policy/waitque-generic-event-lambda-policy",
            "role": "waitque-generic-event-lambda-role"
          },
          "sensitive_attributes": [],
          "identity_schema_version": 0,
          "private": "bnVsbA==",
          "dependencies": [
            "aws_iam_policy.generic_event_lambda_policy",
            "aws_iam_role.generic_event_lambda_role",
            "data.aws_secretsmanager_secret.rds_credentials"
          ]
        }
      ]
    },
    {
      "mode": "managed",
      "type": "aws_iam_role_policy_attachment",
      "name": "lambda_vpc_access",
      "provider": "provider[\"registry.terraform.io/hashicorp/aws\"]",
      "instances": [
        {
          "schema_version": 0,
          "attributes": {
            "id": "waitque-generic-event-lambda-role-20260213151828741300000001",
            "policy_arn": "arn:aws:iam::aws:policy/service-role/AWSLambdaVPCAccessExecutionRole",
            "role": "waitque-generic-event-lambda-role"
          },
          "sensitive_attributes": [],
          "identity_schema_version": 0,
          "private": "bnVsbA==",
          "dependencies": [
            "aws_iam_role.generic_event_lambda_role"
          ]
        }
      ]
    },
    {
      "mode": "managed",
      "type": "aws_lambda_event_source_mapping",
      "name": "sqs_trigger",
      "provider": "provider[\"registry.terraform.io/hashicorp/aws\"]",
      "instances": [
        {
          "schema_version": 0,
          "attributes": {
            "amazon_managed_kafka_event_source_config": [],
            "arn": "arn:aws:lambda:us-east-1:667573506753:event-source-mapping:430b06a7-647e-4beb-8a9c-14e353c885df",
            "batch_size": 10,
            "bisect_batch_on_function_error": false,
            "destination_config": [],
            "document_db_event_source_config": [],
            "enabled": true,
            "event_source_arn": "arn:aws:sqs:us-east-1:667573506753:questionnaire-response-viewed-queue",
            "filter_criteria": [],
            "function_arn": "arn:aws:lambda:us-east-1:667573506753:function:waitque-generic-event-consumer",
            "function_name": "arn:aws:lambda:us-east-1:667573506753:function:waitque-generic-event-consumer",
            "function_response_types": [
              "ReportBatchItemFailures"
            ],
            "id": "430b06a7-647e-4beb-8a9c-14e353c885df",
            "kms_key_arn": "",
            "last_modified": "2026-02-13T19:13:45Z",
            "last_processing_result": "",
            "maximum_batching_window_in_seconds": 5,
            "maximum_record_age_in_seconds": 0,
            "maximum_retry_attempts": 0,
            "metrics_config": [],
            "parallelization_factor": 0,
            "provisioned_poller_config": [],
            "queues": [],
            "scaling_config": [],
            "self_managed_event_source": [],
            "self_managed_kafka_event_source_config": [],
            "source_access_configuration": [],
            "starting_position": "",
            "starting_position_timestamp": "",
            "state": "Enabled",
            "state_transition_reason": "USER_INITIATED",
            "tags": {},
            "tags_all": {},
            "topics": [],
            "tumbling_window_in_seconds": 0,
            "uuid": "430b06a7-647e-4beb-8a9c-14e353c885df"
          },
          "sensitive_attributes": [],
          "identity_schema_version": 0,
          "private": "bnVsbA==",
          "dependencies": [
            "aws_iam_role.generic_event_lambda_role",
            "aws_lambda_function.generic_event_consumer",
            "data.archive_file.generic_event_lambda_package"
          ]
        }
      ]
    },
    {
      "mode": "managed",
      "type": "aws_lambda_function",
      "name": "generic_event_consumer",
      "provider": "provider[\"registry.terraform.io/hashicorp/aws\"]",
      "instances": [
        {
          "schema_version": 0,
          "attributes": {
            "architectures": [
              "arm64"
            ],
            "arn": "arn:aws:lambda:us-east-1:667573506753:function:waitque-generic-event-consumer",
            "code_sha256": "G1zxPdb3BXAEjd1gxT5IhSUPl9o4dbA99YqlT8/4m90=",
            "code_signing_config_arn": "",
            "dead_letter_config": [],
            "description": "",
            "environment": [],
            "ephemeral_storage": [
              {
                "size": 512
              }
            ],
            "file_system_config": [],
            "filename": "../lambda/generic_event_lambda_package.zip",
            "function_name": "waitque-generic-event-consumer",
            "handler": "index.handler",
            "id": "waitque-generic-event-consumer",
            "image_config": [],
            "image_uri": "",
            "invoke_arn": "arn:aws:apigateway:us-east-1:lambda:path/2015-03-31/functions/arn:aws:lambda:us-east-1:667573506753:function:waitque-generic-event-consumer/invocations",
            "kms_key_arn": "",
            "last_modified": "2026-02-17T15:44:55.000+0000",
            "layers": [],
            "logging_config": [
              {
                "application_log_level": "",
                "log_format": "Text",
                "log_group": "/aws/lambda/waitque-generic-event-consumer",
                "system_log_level": ""
              }
            ],
            "memory_size": 512,
            "package_type": "Zip",
            "publish": false,
            "qualified_arn": "arn:aws:lambda:us-east-1:667573506753:function:waitque-generic-event-consumer:$LATEST",
            "qualified_invoke_arn": "arn:aws:apigateway:us-east-1:lambda:path/2015-03-31/functions/arn:aws:lambda:us-east-1:667573506753:function:waitque-generic-event-consumer:$LATEST/invocations",
            "replace_security_groups_on_destroy": null,
            "replacement_security_group_ids": null,
            "reserved_concurrent_executions": -1,
            "role": "arn:aws:iam::667573506753:role/waitque-generic-event-lambda-role",
            "runtime": "nodejs20.x",
            "s3_bucket": null,
            "s3_key": null,
            "s3_object_version": null,
            "signing_job_arn": "",
            "signing_profile_version_arn": "",
            "skip_destroy": false,
            "snap_start": [],
            "source_code_hash": "G1zxPdb3BXAEjd1gxT5IhSUPl9o4dbA99YqlT8/4m90=",
            "source_code_size": 575,
            "tags": {},
            "tags_all": {},
            "timeout": 30,
            "timeouts": null,
            "tracing_config": [
              {
                "mode": "PassThrough"
              }
            ],
            "version": "$LATEST",
            "vpc_config": []
          },
          "sensitive_attributes": [],
          "identity_schema_version": 0,
          "private": "eyJlMmJmYjczMC1lY2FhLTExZTYtOGY4OC0zNDM2M2JjN2M0YzAiOnsiY3JlYXRlIjo2MDAwMDAwMDAwMDAsImRlbGV0ZSI6NjAwMDAwMDAwMDAwLCJ1cGRhdGUiOjYwMDAwMDAwMDAwMH19",
          "dependencies": [
            "aws_iam_role.generic_event_lambda_role",
            "data.archive_file.generic_event_lambda_package"
          ]
        }
      ]
    },
    {
      "mode": "managed",
      "type": "aws_security_group",
      "name": "lambda_sg",
      "provider": "provider[\"registry.terraform.io/hashicorp/aws\"]",
      "instances": [
        {
          "schema_version": 1,
          "attributes": {
            "arn": "arn:aws:ec2:us-east-1:667573506753:security-group/sg-02b4909df3ce708e4",
            "description": "Security group for Lambda to talk to ECS services",
            "egress": [
              {
                "cidr_blocks": [
                  "0.0.0.0/0"
                ],
                "description": "",
                "from_port": 0,
                "ipv6_cidr_blocks": [],
                "prefix_list_ids": [],
                "protocol": "-1",
                "security_groups": [],
                "self": false,
                "to_port": 0
              }
            ],
            "id": "sg-02b4909df3ce708e4",
            "ingress": [],
            "name": "generic-event-lambda-sg",
            "name_prefix": "",
            "owner_id": "667573506753",
            "revoke_rules_on_delete": false,
            "tags": {},
            "tags_all": {},
            "timeouts": null,
            "vpc_id": "vpc-004fa6b4d5ec3c428"
          },
          "sensitive_attributes": [],
          "identity_schema_version": 0,
          "private": "eyJlMmJmYjczMC1lY2FhLTExZTYtOGY4OC0zNDM2M2JjN2M0YzAiOnsiY3JlYXRlIjo2MDAwMDAwMDAwMDAsImRlbGV0ZSI6OTAwMDAwMDAwMDAwfSwic2NoZW1hX3ZlcnNpb24iOiIxIn0=",
          "dependencies": [
            "data.aws_vpc.default"
          ]
        }
      ]
    }
  ],
  "check_results": null
}
