{
  "version": 4,
  "terraform_version": "1.13.5",
  "serial": 78,
  "lineage": "a18878a3-9f1c-e41c-0145-3766d7b210ae",
  "outputs": {},
  "resources": [
    {
      "mode": "data",
      "type": "archive_file",
      "name": "lambda_package",
      "provider": "provider[\"registry.terraform.io/hashicorp/archive\"]",
      "instances": [
        {
          "schema_version": 0,
          "attributes": {
            "exclude_symlink_directories": null,
            "excludes": null,
            "id": "caa00f2d8f1e40dd7dbb84fb5aef6d9a6de6fd95",
            "output_base64sha256": "EBOaiEctWLiwZE8gpx38cobQWOSIPB3OzLpGkh4iaT4=",
            "output_base64sha512": "GaLA/Xu22K5AekUfVW6LhUyJMVWnQXsmQdBsKTPvKnd0hcD7XfYaT9PQhmHj/OuYlBqdu0/VCNc2jfsb5cyrqw==",
            "output_file_mode": null,
            "output_md5": "31855e1576e5a87532a11f051498f7d9",
            "output_path": "lambda_package.zip",
            "output_sha": "caa00f2d8f1e40dd7dbb84fb5aef6d9a6de6fd95",
            "output_sha256": "10139a88472d58b8b0644f20a71dfc7286d058e4883c1dceccba46921e22693e",
            "output_sha512": "19a2c0fd7bb6d8ae407a451f556e8b854c893155a7417b2641d06c2933ef2a777485c0fb5df61a4fd3d08661e3fceb98941a9dbb4fd508d7368dfb1be5ccabab",
            "output_size": 19885648,
            "source": [],
            "source_content": null,
            "source_content_filename": null,
            "source_dir": "../lambda",
            "source_file": null,
            "type": "zip"
          },
          "sensitive_attributes": [],
          "identity_schema_version": 0
        }
      ]
    },
    {
      "mode": "managed",
      "type": "aws_iam_policy",
      "name": "lambda_s3_policy",
      "provider": "provider[\"registry.terraform.io/hashicorp/aws\"]",
      "instances": [
        {
          "schema_version": 0,
          "attributes": {
            "arn": "arn:aws:iam::667573506753:policy/waitque-image-resizer-s3-policy",
            "attachment_count": 1,
            "description": "",
            "id": "arn:aws:iam::667573506753:policy/waitque-image-resizer-s3-policy",
            "name": "waitque-image-resizer-s3-policy",
            "name_prefix": "",
            "path": "/",
            "policy": "{\"Statement\":[{\"Action\":[\"s3:GetObject\",\"s3:PutObject\"],\"Effect\":\"Allow\",\"Resource\":\"arn:aws:s3:::waitque-upload-bucket/*\"},{\"Action\":[\"logs:CreateLogGroup\",\"logs:CreateLogStream\",\"logs:PutLogEvents\"],\"Effect\":\"Allow\",\"Resource\":\"arn:aws:logs:*:*:*\"}],\"Version\":\"2012-10-17\"}",
            "policy_id": "ANPAZW3T3KLA4EP23U7NK",
            "tags": {},
            "tags_all": {}
          },
          "sensitive_attributes": [],
          "identity_schema_version": 0,
          "private": "bnVsbA=="
        }
      ]
    },
    {
      "mode": "managed",
      "type": "aws_iam_role",
      "name": "lambda_role",
      "provider": "provider[\"registry.terraform.io/hashicorp/aws\"]",
      "instances": [
        {
          "schema_version": 0,
          "attributes": {
            "arn": "arn:aws:iam::667573506753:role/waitque-image-resizer-lambda-role",
            "assume_role_policy": "{\"Statement\":[{\"Action\":\"sts:AssumeRole\",\"Effect\":\"Allow\",\"Principal\":{\"Service\":\"lambda.amazonaws.com\"}}],\"Version\":\"2012-10-17\"}",
            "create_date": "2025-11-21T03:01:40Z",
            "description": "",
            "force_detach_policies": false,
            "id": "waitque-image-resizer-lambda-role",
            "inline_policy": [],
            "managed_policy_arns": [
              "arn:aws:iam::667573506753:policy/waitque-image-resizer-s3-policy"
            ],
            "max_session_duration": 3600,
            "name": "waitque-image-resizer-lambda-role",
            "name_prefix": "",
            "path": "/",
            "permissions_boundary": "",
            "tags": {},
            "tags_all": {},
            "unique_id": "AROAZW3T3KLAXFJ4RAKL7"
          },
          "sensitive_attributes": [],
          "identity_schema_version": 0,
          "private": "bnVsbA=="
        }
      ]
    },
    {
      "mode": "managed",
      "type": "aws_iam_role_policy_attachment",
      "name": "attach_s3_policy",
      "provider": "provider[\"registry.terraform.io/hashicorp/aws\"]",
      "instances": [
        {
          "schema_version": 0,
          "attributes": {
            "id": "waitque-image-resizer-lambda-role-20251121032403130400000001",
            "policy_arn": "arn:aws:iam::667573506753:policy/waitque-image-resizer-s3-policy",
            "role": "waitque-image-resizer-lambda-role"
          },
          "sensitive_attributes": [],
          "identity_schema_version": 0,
          "private": "bnVsbA==",
          "dependencies": [
            "aws_iam_policy.lambda_s3_policy",
            "aws_iam_role.lambda_role"
          ]
        }
      ]
    },
    {
      "mode": "managed",
      "type": "aws_lambda_function",
      "name": "image_resizer",
      "provider": "provider[\"registry.terraform.io/hashicorp/aws\"]",
      "instances": [
        {
          "schema_version": 0,
          "attributes": {
            "architectures": [
              "arm64"
            ],
            "arn": "arn:aws:lambda:us-east-1:667573506753:function:waitque-image-resizer",
            "code_sha256": "EBOaiEctWLiwZE8gpx38cobQWOSIPB3OzLpGkh4iaT4=",
            "code_signing_config_arn": "",
            "dead_letter_config": [],
            "description": "",
            "environment": [
              {
                "variables": {
                  "BUCKET_NAME": "waitque-upload-bucket",
                  "COMPANY_SERVICE_BASE_URL": "http://waitque-alb-1208411922.us-east-1.elb.amazonaws.com/2",
                  "KEYCLOAK_BASE_URL": "http://waitque-alb-1208411922.us-east-1.elb.amazonaws.com",
                  "KEYCLOAK_CLIENT_ID": "waitque-lambda",
                  "KEYCLOAK_CLIENT_SECRET": "CcmP3Ce1byjw0c8vFuD1SeTYuI4gpwBH"
                }
              }
            ],
            "ephemeral_storage": [
              {
                "size": 512
              }
            ],
            "file_system_config": [],
            "filename": "lambda_package.zip",
            "function_name": "waitque-image-resizer",
            "handler": "index.handler",
            "id": "waitque-image-resizer",
            "image_config": [],
            "image_uri": "",
            "invoke_arn": "arn:aws:apigateway:us-east-1:lambda:path/2015-03-31/functions/arn:aws:lambda:us-east-1:667573506753:function:waitque-image-resizer/invocations",
            "kms_key_arn": "",
            "last_modified": "2025-11-25T04:03:55.000+0000",
            "layers": [],
            "logging_config": [
              {
                "application_log_level": "",
                "log_format": "Text",
                "log_group": "/aws/lambda/waitque-image-resizer",
                "system_log_level": ""
              }
            ],
            "memory_size": 1024,
            "package_type": "Zip",
            "publish": false,
            "qualified_arn": "arn:aws:lambda:us-east-1:667573506753:function:waitque-image-resizer:$LATEST",
            "qualified_invoke_arn": "arn:aws:apigateway:us-east-1:lambda:path/2015-03-31/functions/arn:aws:lambda:us-east-1:667573506753:function:waitque-image-resizer:$LATEST/invocations",
            "replace_security_groups_on_destroy": null,
            "replacement_security_group_ids": null,
            "reserved_concurrent_executions": -1,
            "role": "arn:aws:iam::667573506753:role/waitque-image-resizer-lambda-role",
            "runtime": "nodejs20.x",
            "s3_bucket": null,
            "s3_key": null,
            "s3_object_version": null,
            "signing_job_arn": "",
            "signing_profile_version_arn": "",
            "skip_destroy": false,
            "snap_start": [],
            "source_code_hash": "EBOaiEctWLiwZE8gpx38cobQWOSIPB3OzLpGkh4iaT4=",
            "source_code_size": 19885648,
            "tags": {},
            "tags_all": {},
            "timeout": 30,
            "timeouts": null,
            "tracing_config": [
              {
                "mode": "PassThrough"
              }
            ],
            "version": "$LATEST",
            "vpc_config": []
          },
          "sensitive_attributes": [
            [
              {
                "type": "get_attr",
                "value": "environment"
              },
              {
                "type": "index",
                "value": {
                  "value": 0,
                  "type": "number"
                }
              },
              {
                "type": "get_attr",
                "value": "variables"
              },
              {
                "type": "index",
                "value": {
                  "value": "KEYCLOAK_CLIENT_SECRET",
                  "type": "string"
                }
              }
            ]
          ],
          "identity_schema_version": 0,
          "private": "eyJlMmJmYjczMC1lY2FhLTExZTYtOGY4OC0zNDM2M2JjN2M0YzAiOnsiY3JlYXRlIjo2MDAwMDAwMDAwMDAsImRlbGV0ZSI6NjAwMDAwMDAwMDAwLCJ1cGRhdGUiOjYwMDAwMDAwMDAwMH19",
          "dependencies": [
            "aws_iam_role.lambda_role",
            "data.archive_file.lambda_package"
          ]
        }
      ]
    },
    {
      "mode": "managed",
      "type": "aws_lambda_permission",
      "name": "allow_s3",
      "provider": "provider[\"registry.terraform.io/hashicorp/aws\"]",
      "instances": [
        {
          "schema_version": 0,
          "attributes": {
            "action": "lambda:InvokeFunction",
            "event_source_token": null,
            "function_name": "waitque-image-resizer",
            "function_url_auth_type": null,
            "id": "allow-s3-invoke-resizer",
            "principal": "s3.amazonaws.com",
            "principal_org_id": null,
            "qualifier": "",
            "source_account": null,
            "source_arn": "arn:aws:s3:::waitque-upload-bucket",
            "statement_id": "allow-s3-invoke-resizer",
            "statement_id_prefix": ""
          },
          "sensitive_attributes": [],
          "identity_schema_version": 0,
          "private": "bnVsbA==",
          "dependencies": [
            "aws_iam_role.lambda_role",
            "aws_lambda_function.image_resizer",
            "data.archive_file.lambda_package"
          ]
        }
      ]
    },
    {
      "mode": "managed",
      "type": "aws_s3_bucket_notification",
      "name": "raw_upload_trigger",
      "provider": "provider[\"registry.terraform.io/hashicorp/aws\"]",
      "instances": [
        {
          "schema_version": 0,
          "attributes": {
            "bucket": "waitque-upload-bucket",
            "eventbridge": false,
            "id": "waitque-upload-bucket",
            "lambda_function": [
              {
                "events": [
                  "s3:ObjectCreated:*"
                ],
                "filter_prefix": "RAW/logo/",
                "filter_suffix": "",
                "id": "tf-s3-lambda-20251121030157491700000001",
                "lambda_function_arn": "arn:aws:lambda:us-east-1:667573506753:function:waitque-image-resizer"
              }
            ],
            "queue": [],
            "topic": []
          },
          "sensitive_attributes": [],
          "identity_schema_version": 0,
          "private": "bnVsbA==",
          "dependencies": [
            "aws_iam_role.lambda_role",
            "aws_lambda_function.image_resizer",
            "aws_lambda_permission.allow_s3",
            "data.archive_file.lambda_package"
          ]
        }
      ]
    }
  ],
  "check_results": null
}
