{
  "version": 4,
  "terraform_version": "1.13.5",
  "serial": 28,
  "lineage": "a18878a3-9f1c-e41c-0145-3766d7b210ae",
  "outputs": {},
  "resources": [
    {
      "mode": "data",
      "type": "archive_file",
      "name": "lambda_package",
      "provider": "provider[\"registry.terraform.io/hashicorp/archive\"]",
      "instances": [
        {
          "schema_version": 0,
          "attributes": {
            "exclude_symlink_directories": null,
            "excludes": null,
            "id": "82acda9320e616b31d1acc48c94d7e5d52bf6eff",
            "output_base64sha256": "SbTEudrfzzScvExh97A3ib7iVUc5Mrqu67+B73f+zlY=",
            "output_base64sha512": "cjlpP9FCC9N0Cqf2NKl7SmS2jrDKQD4FVmw53fQ8KPUqOjzXfJ7AbJL8pW+ch3/jRh32/W9lZOtHh3MaRvHuVA==",
            "output_file_mode": null,
            "output_md5": "d2de4a6d07706148073fd1054ae77c90",
            "output_path": "lambda_package.zip",
            "output_sha": "82acda9320e616b31d1acc48c94d7e5d52bf6eff",
            "output_sha256": "49b4c4b9dadfcf349cbc4c61f7b03789bee255473932baaeebbf81ef77fece56",
            "output_sha512": "7239693fd1420bd3740aa7f634a97b4a64b68eb0ca403e05566c39ddf43c28f52a3a3cd77c9ec06c92fca56f9c877fe3461df6fd6f6564eb4787731a46f1ee54",
            "output_size": 3679089,
            "source": [],
            "source_content": null,
            "source_content_filename": null,
            "source_dir": "../lambda",
            "source_file": null,
            "type": "zip"
          },
          "sensitive_attributes": [],
          "identity_schema_version": 0
        }
      ]
    },
    {
      "mode": "managed",
      "type": "aws_iam_policy",
      "name": "lambda_s3_policy",
      "provider": "provider[\"registry.terraform.io/hashicorp/aws\"]",
      "instances": [
        {
          "schema_version": 0,
          "attributes": {
            "arn": "arn:aws:iam::667573506753:policy/waitque-image-resizer-s3-policy",
            "attachment_count": 1,
            "description": "",
            "id": "arn:aws:iam::667573506753:policy/waitque-image-resizer-s3-policy",
            "name": "waitque-image-resizer-s3-policy",
            "name_prefix": "",
            "path": "/",
            "policy": "{\"Statement\":[{\"Action\":[\"s3:GetObject\",\"s3:PutObject\"],\"Effect\":\"Allow\",\"Resource\":\"arn:aws:s3:::waitque-upload-bucket/*\"},{\"Action\":[\"logs:CreateLogGroup\",\"logs:CreateLogStream\",\"logs:PutLogEvents\"],\"Effect\":\"Allow\",\"Resource\":\"arn:aws:logs:*:*:*\"}],\"Version\":\"2012-10-17\"}",
            "policy_id": "ANPAZW3T3KLA4EP23U7NK",
            "tags": {},
            "tags_all": {}
          },
          "sensitive_attributes": [],
          "identity_schema_version": 0,
          "private": "bnVsbA=="
        }
      ]
    },
    {
      "mode": "managed",
      "type": "aws_iam_role",
      "name": "lambda_role",
      "provider": "provider[\"registry.terraform.io/hashicorp/aws\"]",
      "instances": [
        {
          "schema_version": 0,
          "attributes": {
            "arn": "arn:aws:iam::667573506753:role/waitque-image-resizer-lambda-role",
            "assume_role_policy": "{\"Statement\":[{\"Action\":\"sts:AssumeRole\",\"Effect\":\"Allow\",\"Principal\":{\"Service\":\"lambda.amazonaws.com\"}}],\"Version\":\"2012-10-17\"}",
            "create_date": "2025-11-21T03:01:40Z",
            "description": "",
            "force_detach_policies": false,
            "id": "waitque-image-resizer-lambda-role",
            "inline_policy": [],
            "managed_policy_arns": [
              "arn:aws:iam::667573506753:policy/waitque-image-resizer-s3-policy"
            ],
            "max_session_duration": 3600,
            "name": "waitque-image-resizer-lambda-role",
            "name_prefix": "",
            "path": "/",
            "permissions_boundary": "",
            "tags": {},
            "tags_all": {},
            "unique_id": "AROAZW3T3KLAXFJ4RAKL7"
          },
          "sensitive_attributes": [],
          "identity_schema_version": 0,
          "private": "bnVsbA=="
        }
      ]
    },
    {
      "mode": "managed",
      "type": "aws_iam_role_policy_attachment",
      "name": "attach_s3_policy",
      "provider": "provider[\"registry.terraform.io/hashicorp/aws\"]",
      "instances": [
        {
          "schema_version": 0,
          "attributes": {
            "id": "waitque-image-resizer-lambda-role-20251121032403130400000001",
            "policy_arn": "arn:aws:iam::667573506753:policy/waitque-image-resizer-s3-policy",
            "role": "waitque-image-resizer-lambda-role"
          },
          "sensitive_attributes": [],
          "identity_schema_version": 0,
          "private": "bnVsbA==",
          "dependencies": [
            "aws_iam_policy.lambda_s3_policy",
            "aws_iam_role.lambda_role"
          ]
        }
      ]
    },
    {
      "mode": "managed",
      "type": "aws_lambda_function",
      "name": "image_resizer",
      "provider": "provider[\"registry.terraform.io/hashicorp/aws\"]",
      "instances": [
        {
          "schema_version": 0,
          "attributes": {
            "architectures": [
              "x86_64"
            ],
            "arn": "arn:aws:lambda:us-east-1:667573506753:function:waitque-image-resizer",
            "code_sha256": "SbTEudrfzzScvExh97A3ib7iVUc5Mrqu67+B73f+zlY=",
            "code_signing_config_arn": "",
            "dead_letter_config": [],
            "description": "",
            "environment": [
              {
                "variables": {
                  "BUCKET_NAME": "waitque-upload-bucket"
                }
              }
            ],
            "ephemeral_storage": [
              {
                "size": 512
              }
            ],
            "file_system_config": [],
            "filename": "lambda_package.zip",
            "function_name": "waitque-image-resizer",
            "handler": "index.handler",
            "id": "waitque-image-resizer",
            "image_config": [],
            "image_uri": "",
            "invoke_arn": "arn:aws:apigateway:us-east-1:lambda:path/2015-03-31/functions/arn:aws:lambda:us-east-1:667573506753:function:waitque-image-resizer/invocations",
            "kms_key_arn": "",
            "last_modified": "2025-11-21T03:32:21.000+0000",
            "layers": [],
            "logging_config": [
              {
                "application_log_level": "",
                "log_format": "Text",
                "log_group": "/aws/lambda/waitque-image-resizer",
                "system_log_level": ""
              }
            ],
            "memory_size": 1024,
            "package_type": "Zip",
            "publish": false,
            "qualified_arn": "arn:aws:lambda:us-east-1:667573506753:function:waitque-image-resizer:$LATEST",
            "qualified_invoke_arn": "arn:aws:apigateway:us-east-1:lambda:path/2015-03-31/functions/arn:aws:lambda:us-east-1:667573506753:function:waitque-image-resizer:$LATEST/invocations",
            "replace_security_groups_on_destroy": null,
            "replacement_security_group_ids": null,
            "reserved_concurrent_executions": -1,
            "role": "arn:aws:iam::667573506753:role/waitque-image-resizer-lambda-role",
            "runtime": "nodejs20.x",
            "s3_bucket": null,
            "s3_key": null,
            "s3_object_version": null,
            "signing_job_arn": "",
            "signing_profile_version_arn": "",
            "skip_destroy": false,
            "snap_start": [],
            "source_code_hash": "SbTEudrfzzScvExh97A3ib7iVUc5Mrqu67+B73f+zlY=",
            "source_code_size": 3679089,
            "tags": {},
            "tags_all": {},
            "timeout": 30,
            "timeouts": null,
            "tracing_config": [
              {
                "mode": "PassThrough"
              }
            ],
            "version": "$LATEST",
            "vpc_config": []
          },
          "sensitive_attributes": [],
          "identity_schema_version": 0,
          "private": "eyJlMmJmYjczMC1lY2FhLTExZTYtOGY4OC0zNDM2M2JjN2M0YzAiOnsiY3JlYXRlIjo2MDAwMDAwMDAwMDAsImRlbGV0ZSI6NjAwMDAwMDAwMDAwLCJ1cGRhdGUiOjYwMDAwMDAwMDAwMH19",
          "dependencies": [
            "aws_iam_role.lambda_role",
            "data.archive_file.lambda_package"
          ]
        }
      ]
    },
    {
      "mode": "managed",
      "type": "aws_lambda_permission",
      "name": "allow_s3",
      "provider": "provider[\"registry.terraform.io/hashicorp/aws\"]",
      "instances": [
        {
          "schema_version": 0,
          "attributes": {
            "action": "lambda:InvokeFunction",
            "event_source_token": null,
            "function_name": "waitque-image-resizer",
            "function_url_auth_type": null,
            "id": "allow-s3-invoke-resizer",
            "principal": "s3.amazonaws.com",
            "principal_org_id": null,
            "qualifier": "",
            "source_account": null,
            "source_arn": "arn:aws:s3:::waitque-upload-bucket",
            "statement_id": "allow-s3-invoke-resizer",
            "statement_id_prefix": ""
          },
          "sensitive_attributes": [],
          "identity_schema_version": 0,
          "private": "bnVsbA==",
          "dependencies": [
            "aws_iam_role.lambda_role",
            "aws_lambda_function.image_resizer",
            "data.archive_file.lambda_package"
          ]
        }
      ]
    },
    {
      "mode": "managed",
      "type": "aws_s3_bucket_notification",
      "name": "raw_upload_trigger",
      "provider": "provider[\"registry.terraform.io/hashicorp/aws\"]",
      "instances": [
        {
          "schema_version": 0,
          "attributes": {
            "bucket": "waitque-upload-bucket",
            "eventbridge": false,
            "id": "waitque-upload-bucket",
            "lambda_function": [
              {
                "events": [
                  "s3:ObjectCreated:*"
                ],
                "filter_prefix": "RAW/",
                "filter_suffix": "",
                "id": "tf-s3-lambda-20251121030157491700000001",
                "lambda_function_arn": "arn:aws:lambda:us-east-1:667573506753:function:waitque-image-resizer"
              }
            ],
            "queue": [],
            "topic": []
          },
          "sensitive_attributes": [],
          "identity_schema_version": 0,
          "private": "bnVsbA==",
          "dependencies": [
            "aws_iam_role.lambda_role",
            "aws_lambda_function.image_resizer",
            "aws_lambda_permission.allow_s3",
            "data.archive_file.lambda_package"
          ]
        }
      ]
    }
  ],
  "check_results": null
}
